
Microsoft Visual Studio Solution File, Format Version 12.00
# Visual Studio Version 17
VisualStudioVersion = 17.14.36429.23 d17.14
MinimumVisualStudioVersion = 10.0.40219.1
Project("{FAE04EC0-301F-11D3-BF4B-00C04F79EFBC}") = "demogit", "demogit\demogit.csproj", "{44887C3B-3332-4FC1-8805-3F3F582EA23A}"
EndProject
Global
	GlobalSection(SolutionConfigurationPlatforms) = preSolution
		Debug|Any CPU = Debug|Any CPU
		Release|Any CPU = Release|Any CPU
	EndGlobalSection
	GlobalSection(ProjectConfigurationPlatforms) = postSolution
		{44887C3B-3332-4FC1-8805-3F3F582EA23A}.Debug|Any CPU.ActiveCfg = Debug|Any CPU
		{44887C3B-3332-4FC1-8805-3F3F582EA23A}.Debug|Any CPU.Build.0 = Debug|Any CPU
		{44887C3B-3332-4FC1-8805-3F3F582EA23A}.Release|Any CPU.ActiveCfg = Release|Any CPU
		{44887C3B-3332-4FC1-8805-3F3F582EA23A}.Release|Any CPU.Build.0 = Release|Any CPU
	EndGlobalSection
	GlobalSection(SolutionProperties) = preSolution
		HideSolutionNode = FALSE
	EndGlobalSection
	GlobalSection(ExtensibilityGlobals) = postSolution
		SolutionGuid = {394C323C-FA58-4756-A74D-8D51089CE27D}
	EndGlobalSection
EndGlobal
